
Microsoft Visual Studio Solution File, Format Version 12.00
# Visual Studio 2012
Project("{F184B08F-C81C-45F6-A57F-5ABD9991F28F}") = "Lampu", "Lampu\Lampu.vbproj", "{C6635F8C-96B3-48AE-8600-A5015CC73D0E}"
EndProject
Global
	GlobalSection(SolutionConfigurationPlatforms) = preSolution
		Debug|Any CPU = Debug|Any CPU
		Release|Any CPU = Release|Any CPU
	EndGlobalSection
	GlobalSection(ProjectConfigurationPlatforms) = postSolution
		{C6635F8C-96B3-48AE-8600-A5015CC73D0E}.Debug|Any CPU.ActiveCfg = Debug|Any CPU
		{C6635F8C-96B3-48AE-8600-A5015CC73D0E}.Debug|Any CPU.Build.0 = Debug|Any CPU
		{C6635F8C-96B3-48AE-8600-A5015CC73D0E}.Release|Any CPU.ActiveCfg = Release|Any CPU
		{C6635F8C-96B3-48AE-8600-A5015CC73D0E}.Release|Any CPU.Build.0 = Release|Any CPU
	EndGlobalSection
	GlobalSection(SolutionProperties) = preSolution
		HideSolutionNode = FALSE
	EndGlobalSection
EndGlobal
